// !$*UTF8*$!
{
	archiveVersion = 1;
	classes = {
	};
	objectVersion = 46;
	objects = {

/* Begin PBXBuildFile section */
		077A316F1C8941A600ADBFFC /* main.cpp in Sources */ = {isa = PBXBuildFile; fileRef = 077A316E1C8941A600ADBFFC /* main.cpp */; };
		077A31771C8942B300ADBFFC /* CBasicOperations.cpp in Sources */ = {isa = PBXBuildFile; fileRef = 077A31751C8942B300ADBFFC /* CBasicOperations.cpp */; };
		077A317B1C89451500ADBFFC /* CBaseClass.cpp in Sources */ = {isa = PBXBuildFile; fileRef = 077A31791C89451500ADBFFC /* CBaseClass.cpp */; };
/* End PBXBuildFile section */

/* Begin PBXCopyFilesBuildPhase section */
		077A31691C8941A600ADBFFC /* CopyFiles */ = {
			isa = PBXCopyFilesBuildPhase;
			buildActionMask = 2147483647;
			dstPath = /usr/share/man/man1/;
			dstSubfolderSpec = 0;
			files = (
			);
			runOnlyForDeploymentPostprocessing = 1;
		};
/* End PBXCopyFilesBuildPhase section */

/* Begin PBXFileReference section */
		077A316B1C8941A600ADBFFC /* bitOperation */ = {isa = PBXFileReference; explicitFileType = "compiled.mach-o.executable"; includeInIndex = 0; path = bitOperation; sourceTree = BUILT_PRODUCTS_DIR; };
		077A316E1C8941A600ADBFFC /* main.cpp */ = {isa = PBXFileReference; lastKnownFileType = sourcecode.cpp.cpp; path = main.cpp; sourceTree = "<group>"; };
		077A31751C8942B300ADBFFC /* CBasicOperations.cpp */ = {isa = PBXFileReference; fileEncoding = 4; lastKnownFileType = sourcecode.cpp.cpp; path = CBasicOperations.cpp; sourceTree = "<group>"; };
		077A31761C8942B300ADBFFC /* CBasicOperations.hpp */ = {isa = PBXFileReference; fileEncoding = 4; lastKnownFileType = sourcecode.cpp.h; path = CBasicOperations.hpp; sourceTree = "<group>"; };
		077A31781C89441600ADBFFC /* config.h */ = {isa = PBXFileReference; lastKnownFileType = sourcecode.c.h; path = config.h; sourceTree = "<group>"; };
		077A31791C89451500ADBFFC /* CBaseClass.cpp */ = {isa = PBXFileReference; fileEncoding = 4; lastKnownFileType = sourcecode.cpp.cpp; path = CBaseClass.cpp; sourceTree = "<group>"; };
		077A317A1C89451500ADBFFC /* CBaseClass.hpp */ = {isa = PBXFileReference; fileEncoding = 4; lastKnownFileType = sourcecode.cpp.h; path = CBaseClass.hpp; sourceTree = "<group>"; };
/* End PBXFileReference section */

/* Begin PBXFrameworksBuildPhase section */
		077A31681C8941A600ADBFFC /* Frameworks */ = {
			isa = PBXFrameworksBuildPhase;
			buildActionMask = 2147483647;
			files = (
			);
			runOnlyForDeploymentPostprocessing = 0;
		};
/* End PBXFrameworksBuildPhase section */

/* Begin PBXGroup section */
		077A31621C8941A600ADBFFC = {
			isa = PBXGroup;
			children = (
				077A316D1C8941A600ADBFFC /* bitOperation */,
				077A316C1C8941A600ADBFFC /* Products */,
			);
			sourceTree = "<group>";
		};
		077A316C1C8941A600ADBFFC /* Products */ = {
			isa = PBXGroup;
			children = (
				077A316B1C8941A600ADBFFC /* bitOperation */,
			);
			name = Products;
			sourceTree = "<group>";
		};
		077A316D1C8941A600ADBFFC /* bitOperation */ = {
			isa = PBXGroup;
			children = (
				077A316E1C8941A600ADBFFC /* main.cpp */,
				077A31751C8942B300ADBFFC /* CBasicOperations.cpp */,
				077A31761C8942B300ADBFFC /* CBasicOperations.hpp */,
				077A31781C89441600ADBFFC /* config.h */,
				077A31791C89451500ADBFFC /* CBaseClass.cpp */,
				077A317A1C89451500ADBFFC /* CBaseClass.hpp */,
			);
			path = bitOperation;
			sourceTree = "<group>";
		};
/* End PBXGroup section */

/* Begin PBXNativeTarget section */
		077A316A1C8941A600ADBFFC /* bitOperation */ = {
			isa = PBXNativeTarget;
			buildConfigurationList = 077A31721C8941A600ADBFFC /* Build configuration list for PBXNativeTarget "bitOperation" */;
			buildPhases = (
				077A31671C8941A600ADBFFC /* Sources */,
				077A31681C8941A600ADBFFC /* Frameworks */,
				077A31691C8941A600ADBFFC /* CopyFiles */,
			);
			buildRules = (
			);
			dependencies = (
			);
			name = bitOperation;
			productName = bitOperation;
			productReference = 077A316B1C8941A600ADBFFC /* bitOperation */;
			productType = "com.apple.product-type.tool";
		};
/* End PBXNativeTarget section */

/* Begin PBXProject section */
		077A31631C8941A600ADBFFC /* Project object */ = {
			isa = PBXProject;
			attributes = {
				LastUpgradeCheck = 0720;
				ORGANIZATIONNAME = cqj;
				TargetAttributes = {
					077A316A1C8941A600ADBFFC = {
						CreatedOnToolsVersion = 7.2.1;
					};
				};
			};
			buildConfigurationList = 077A31661C8941A600ADBFFC /* Build configuration list for PBXProject "bitOperation" */;
			compatibilityVersion = "Xcode 3.2";
			developmentRegion = English;
			hasScannedForEncodings = 0;
			knownRegions = (
				en,
			);
			mainGroup = 077A31621C8941A600ADBFFC;
			productRefGroup = 077A316C1C8941A600ADBFFC /* Products */;
			projectDirPath = "";
			projectRoot = "";
			targets = (
				077A316A1C8941A600ADBFFC /* bitOperation */,
			);
		};
/* End PBXProject section */

/* Begin PBXSourcesBuildPhase section */
		077A31671C8941A600ADBFFC /* Sources */ = {
			isa = PBXSourcesBuildPhase;
			buildActionMask = 2147483647;
			files = (
				077A317B1C89451500ADBFFC /* CBaseClass.cpp in Sources */,
				077A31771C8942B300ADBFFC /* CBasicOperations.cpp in Sources */,
				077A316F1C8941A600ADBFFC /* main.cpp in Sources */,
			);
			runOnlyForDeploymentPostprocessing = 0;
		};
/* End PBXSourcesBuildPhase section */

/* Begin XCBuildConfiguration section */
		077A31701C8941A600ADBFFC /* Debug */ = {
			isa = XCBuildConfiguration;
			buildSettings = {
				ALWAYS_SEARCH_USER_PATHS = NO;
				CLANG_CXX_LANGUAGE_STANDARD = "gnu++0x";
				CLANG_CXX_LIBRARY = "libc++";
				CLANG_ENABLE_MODULES = YES;
				CLANG_ENABLE_OBJC_ARC = YES;
				CLANG_WARN_BOOL_CONVERSION = YES;
				CLANG_WARN_CONSTANT_CONVERSION = YES;
				CLANG_WARN_DIRECT_OBJC_ISA_USAGE = YES_ERROR;
				CLANG_WARN_EMPTY_BODY = YES;
				CLANG_WARN_ENUM_CONVERSION = YES;
				CLANG_WARN_INT_CONVERSION = YES;
				CLANG_WARN_OBJC_ROOT_CLASS = YES_ERROR;
				CLANG_WARN_UNREACHABLE_CODE = YES;
				CLANG_WARN__DUPLICATE_METHOD_MATCH = YES;
				CODE_SIGN_IDENTITY = "-";
				COPY_PHASE_STRIP = NO;
				DEBUG_INFORMATION_FORMAT = dwarf;
				ENABLE_STRICT_OBJC_MSGSEND = YES;
				ENABLE_TESTABILITY = YES;
				GCC_C_LANGUAGE_STANDARD = gnu99;
				GCC_DYNAMIC_NO_PIC = NO;
				GCC_NO_COMMON_BLOCKS = YES;
				GCC_OPTIMIZATION_LEVEL = 0;
				GCC_PREPROCESSOR_DEFINITIONS = (
					"DEBUG=1",
					"$(inherited)",
				);
				GCC_WARN_64_TO_32_BIT_CONVERSION = YES;
				GCC_WARN_ABOUT_RETURN_TYPE = YES_ERROR;
				GCC_WARN_UNDECLARED_SELECTOR = YES;
				GCC_WARN_UNINITIALIZED_AUTOS = YES_AGGRESSIVE;
				GCC_WARN_UNUSED_FUNCTION = YES;
				GCC_WARN_UNUSED_VARIABLE = YES;
				MACOSX_DEPLOYMENT_TARGET = 10.11;
				MTL_ENABLE_DEBUG_INFO = YES;
				ONLY_ACTIVE_ARCH = YES;
				SDKROOT = macosx;
			};
			name = Debug;
		};
		077A31711C8941A600ADBFFC /* Release */ = {
			isa = XCBuildConfiguration;
			buildSettings = {
				ALWAYS_SEARCH_USER_PATHS = NO;
				CLANG_CXX_LANGUAGE_STANDARD = "gnu++0x";
				CLANG_CXX_LIBRARY = "libc++";
				CLANG_ENABLE_MODULES = YES;
				CLANG_ENABLE_OBJC_ARC = YES;
				CLANG_WARN_BOOL_CONVERSION = YES;
				CLANG_WARN_CONSTANT_CONVERSION = YES;
				CLANG_WARN_DIRECT_OBJC_ISA_USAGE = YES_ERROR;
				CLANG_WARN_EMPTY_BODY = YES;
				CLANG_WARN_ENUM_CONVERSION = YES;
				CLANG_WARN_INT_CONVERSION = YES;
				CLANG_WARN_OBJC_ROOT_CLASS = YES_ERROR;
				CLANG_WARN_UNREACHABLE_CODE = YES;
				CLANG_WARN__DUPLICATE_METHOD_MATCH = YES;
				CODE_SIGN_IDENTITY = "-";
				COPY_PHASE_STRIP = NO;
				DEBUG_INFORMATION_FORMAT = "dwarf-with-dsym";
				ENABLE_NS_ASSERTIONS = NO;
				ENABLE_STRICT_OBJC_MSGSEND = YES;
				GCC_C_LANGUAGE_STANDARD = gnu99;
				GCC_NO_COMMON_BLOCKS = YES;
				GCC_WARN_64_TO_32_BIT_CONVERSION = YES;
				GCC_WARN_ABOUT_RETURN_TYPE = YES_ERROR;
				GCC_WARN_UNDECLARED_SELECTOR = YES;
				GCC_WARN_UNINITIALIZED_AUTOS = YES_AGGRESSIVE;
				GCC_WARN_UNUSED_FUNCTION = YES;
				GCC_WARN_UNUSED_VARIABLE = YES;
				MACOSX_DEPLOYMENT_TARGET = 10.11;
				MTL_ENABLE_DEBUG_INFO = NO;
				SDKROOT = macosx;
			};
			name = Release;
		};
		077A31731C8941A600ADBFFC /* Debug */ = {
			isa = XCBuildConfiguration;
			buildSettings = {
				PRODUCT_NAME = "$(TARGET_NAME)";
			};
			name = Debug;
		};
		077A31741C8941A600ADBFFC /* Release */ = {
			isa = XCBuildConfiguration;
			buildSettings = {
				PRODUCT_NAME = "$(TARGET_NAME)";
			};
			name = Release;
		};
/* End XCBuildConfiguration section */

/* Begin XCConfigurationList section */
		077A31661C8941A600ADBFFC /* Build configuration list for PBXProject "bitOperation" */ = {
			isa = XCConfigurationList;
			buildConfigurations = (
				077A31701C8941A600ADBFFC /* Debug */,
				077A31711C8941A600ADBFFC /* Release */,
			);
			defaultConfigurationIsVisible = 0;
			defaultConfigurationName = Release;
		};
		077A31721C8941A600ADBFFC /* Build configuration list for PBXNativeTarget "bitOperation" */ = {
			isa = XCConfigurationList;
			buildConfigurations = (
				077A31731C8941A600ADBFFC /* Debug */,
				077A31741C8941A600ADBFFC /* Release */,
			);
			defaultConfigurationIsVisible = 0;
		};
/* End XCConfigurationList section */
	};
	rootObject = 077A31631C8941A600ADBFFC /* Project object */;
}
